lockfileVersion: '9.0'

settings:
  autoInstallPeers: true
  excludeLinksFromLockfile: false

importers:

  .:
    devDependencies:
      '@types/emscripten':
        specifier: ^1.39.13
        version: 1.39.13
      '@webgpu/types':
        specifier: ^0.1.51
        version: 0.1.51

packages:

  '@types/emscripten@1.39.13':
    resolution: {integrity: sha512-cFq+fO/isvhvmuP/+Sl4K4jtU6E23DoivtbO4r50e3odaxAiVdbfSYRDdJ4gCdxx+3aRjhphS5ZMwIH4hFy/Cw==}

  '@webgpu/types@0.1.51':
    resolution: {integrity: sha512-ktR3u64NPjwIViNCck+z9QeyN0iPkQCUOQ07ZCV1RzlkfP+olLTeEZ95O1QHS+v4w9vJeY9xj/uJuSphsHy5rQ==}

snapshots:

  '@types/emscripten@1.39.13': {}

  '@webgpu/types@0.1.51': {}
